
Microsoft Visual Studio Solution File, Format Version 12.00
# Visual Studio Version 17
VisualStudioVersion = 17.9.34622.214
MinimumVisualStudioVersion = 10.0.40219.1
Project("{FAE04EC0-301F-11D3-BF4B-00C04F79EFBC}") = "FunctionApp", "FunctionApp\FunctionApp.csproj", "{5CD11F1F-4F13-456D-81C1-6C446289A710}"
EndProject
Global
	GlobalSection(SolutionConfigurationPlatforms) = preSolution
		Debug|Any CPU = Debug|Any CPU
		Release|Any CPU = Release|Any CPU
	EndGlobalSection
	GlobalSection(ProjectConfigurationPlatforms) = postSolution
		{5CD11F1F-4F13-456D-81C1-6C446289A710}.Debug|Any CPU.ActiveCfg = Debug|Any CPU
		{5CD11F1F-4F13-456D-81C1-6C446289A710}.Debug|Any CPU.Build.0 = Debug|Any CPU
		{5CD11F1F-4F13-456D-81C1-6C446289A710}.Release|Any CPU.ActiveCfg = Release|Any CPU
		{5CD11F1F-4F13-456D-81C1-6C446289A710}.Release|Any CPU.Build.0 = Release|Any CPU
	EndGlobalSection
	GlobalSection(SolutionProperties) = preSolution
		HideSolutionNode = FALSE
	EndGlobalSection
	GlobalSection(ExtensibilityGlobals) = postSolution
		SolutionGuid = {B873A8EF-A021-4F22-9206-9CF565BE3BA1}
	EndGlobalSection
EndGlobal
