
Microsoft Visual Studio Solution File, Format Version 12.00
# Visual Studio Version 17
VisualStudioVersion = 17.9.34622.214
MinimumVisualStudioVersion = 10.0.40219.1
Project("{FAE04EC0-301F-11D3-BF4B-00C04F79EFBC}") = "RectangleEncapsulationApp", "RectangleEncapsulationApp\RectangleEncapsulationApp.csproj", "{A3919467-567E-4A41-B464-235311A6D272}"
EndProject
Project("{FAE04EC0-301F-11D3-BF4B-00C04F79EFBC}") = "RectanlgeEncapsulationRefactoredApp", "RectanlgeEncapsulationRefactoredApp\RectanlgeEncapsulationRefactoredApp.csproj", "{6FC1594E-D3F6-4E77-A47C-F48EA35881D8}"
EndProject
Global
	GlobalSection(SolutionConfigurationPlatforms) = preSolution
		Debug|Any CPU = Debug|Any CPU
		Release|Any CPU = Release|Any CPU
	EndGlobalSection
	GlobalSection(ProjectConfigurationPlatforms) = postSolution
		{A3919467-567E-4A41-B464-235311A6D272}.Debug|Any CPU.ActiveCfg = Debug|Any CPU
		{A3919467-567E-4A41-B464-235311A6D272}.Debug|Any CPU.Build.0 = Debug|Any CPU
		{A3919467-567E-4A41-B464-235311A6D272}.Release|Any CPU.ActiveCfg = Release|Any CPU
		{A3919467-567E-4A41-B464-235311A6D272}.Release|Any CPU.Build.0 = Release|Any CPU
		{6FC1594E-D3F6-4E77-A47C-F48EA35881D8}.Debug|Any CPU.ActiveCfg = Debug|Any CPU
		{6FC1594E-D3F6-4E77-A47C-F48EA35881D8}.Debug|Any CPU.Build.0 = Debug|Any CPU
		{6FC1594E-D3F6-4E77-A47C-F48EA35881D8}.Release|Any CPU.ActiveCfg = Release|Any CPU
		{6FC1594E-D3F6-4E77-A47C-F48EA35881D8}.Release|Any CPU.Build.0 = Release|Any CPU
	EndGlobalSection
	GlobalSection(SolutionProperties) = preSolution
		HideSolutionNode = FALSE
	EndGlobalSection
	GlobalSection(ExtensibilityGlobals) = postSolution
		SolutionGuid = {B347DAE1-F327-494F-9BF3-F19FF34346BC}
	EndGlobalSection
EndGlobal
