
Microsoft Visual Studio Solution File, Format Version 12.00
# Visual Studio Version 17
VisualStudioVersion = 17.9.34622.214
MinimumVisualStudioVersion = 10.0.40219.1
Project("{FAE04EC0-301F-11D3-BF4B-00C04F79EFBC}") = "CustomerCommonLib", "CustomerCommonLib\CustomerCommonLib.csproj", "{0CC47435-6F92-4C72-B8BB-CE62DB00553C}"
EndProject
Project("{FAE04EC0-301F-11D3-BF4B-00C04F79EFBC}") = "CustomerSerializationApp", "CustomerSerializationApp\CustomerSerializationApp.csproj", "{6B478E50-F85A-4296-A0FE-63660A4DE198}"
EndProject
Project("{FAE04EC0-301F-11D3-BF4B-00C04F79EFBC}") = "CustomerDeserializationApp", "CustomerDeserializationApp\CustomerDeserializationApp.csproj", "{AB5286B2-E463-4F6E-8BEC-83DC3C0164F2}"
EndProject
Global
	GlobalSection(SolutionConfigurationPlatforms) = preSolution
		Debug|Any CPU = Debug|Any CPU
		Release|Any CPU = Release|Any CPU
	EndGlobalSection
	GlobalSection(ProjectConfigurationPlatforms) = postSolution
		{0CC47435-6F92-4C72-B8BB-CE62DB00553C}.Debug|Any CPU.ActiveCfg = Debug|Any CPU
		{0CC47435-6F92-4C72-B8BB-CE62DB00553C}.Debug|Any CPU.Build.0 = Debug|Any CPU
		{0CC47435-6F92-4C72-B8BB-CE62DB00553C}.Release|Any CPU.ActiveCfg = Release|Any CPU
		{0CC47435-6F92-4C72-B8BB-CE62DB00553C}.Release|Any CPU.Build.0 = Release|Any CPU
		{6B478E50-F85A-4296-A0FE-63660A4DE198}.Debug|Any CPU.ActiveCfg = Debug|Any CPU
		{6B478E50-F85A-4296-A0FE-63660A4DE198}.Debug|Any CPU.Build.0 = Debug|Any CPU
		{6B478E50-F85A-4296-A0FE-63660A4DE198}.Release|Any CPU.ActiveCfg = Release|Any CPU
		{6B478E50-F85A-4296-A0FE-63660A4DE198}.Release|Any CPU.Build.0 = Release|Any CPU
		{AB5286B2-E463-4F6E-8BEC-83DC3C0164F2}.Debug|Any CPU.ActiveCfg = Debug|Any CPU
		{AB5286B2-E463-4F6E-8BEC-83DC3C0164F2}.Debug|Any CPU.Build.0 = Debug|Any CPU
		{AB5286B2-E463-4F6E-8BEC-83DC3C0164F2}.Release|Any CPU.ActiveCfg = Release|Any CPU
		{AB5286B2-E463-4F6E-8BEC-83DC3C0164F2}.Release|Any CPU.Build.0 = Release|Any CPU
	EndGlobalSection
	GlobalSection(SolutionProperties) = preSolution
		HideSolutionNode = FALSE
	EndGlobalSection
	GlobalSection(ExtensibilityGlobals) = postSolution
		SolutionGuid = {8ED2F663-A80D-40E5-9FF5-9C8FEEA8744D}
	EndGlobalSection
EndGlobal
