
Microsoft Visual Studio Solution File, Format Version 12.00
# Visual Studio Version 17
VisualStudioVersion = 17.9.34622.214
MinimumVisualStudioVersion = 10.0.40219.1
Project("{FAE04EC0-301F-11D3-BF4B-00C04F79EFBC}") = "ManBoyInheritanceApp", "ManBoyInheritanceApp\ManBoyInheritanceApp.csproj", "{0AA03205-C6E4-42CD-9D92-4A60B1A393E4}"
EndProject
Global
	GlobalSection(SolutionConfigurationPlatforms) = preSolution
		Debug|Any CPU = Debug|Any CPU
		Release|Any CPU = Release|Any CPU
	EndGlobalSection
	GlobalSection(ProjectConfigurationPlatforms) = postSolution
		{0AA03205-C6E4-42CD-9D92-4A60B1A393E4}.Debug|Any CPU.ActiveCfg = Debug|Any CPU
		{0AA03205-C6E4-42CD-9D92-4A60B1A393E4}.Debug|Any CPU.Build.0 = Debug|Any CPU
		{0AA03205-C6E4-42CD-9D92-4A60B1A393E4}.Release|Any CPU.ActiveCfg = Release|Any CPU
		{0AA03205-C6E4-42CD-9D92-4A60B1A393E4}.Release|Any CPU.Build.0 = Release|Any CPU
	EndGlobalSection
	GlobalSection(SolutionProperties) = preSolution
		HideSolutionNode = FALSE
	EndGlobalSection
	GlobalSection(ExtensibilityGlobals) = postSolution
		SolutionGuid = {A4358F70-8737-4872-B211-7E4D31843596}
	EndGlobalSection
EndGlobal
